
Microsoft Visual Studio Solution File, Format Version 12.00
# Visual Studio Version 16
VisualStudioVersion = 16.0.28803.202
MinimumVisualStudioVersion = 10.0.40219.1
Project("{FAE04EC0-301F-11D3-BF4B-00C04F79EFBC}") = "INFAct9", "INFAct9\INFAct9.csproj", "{88A7F6A7-4B46-4BB2-A02A-371F6CF6FCA6}"
EndProject
Global
	GlobalSection(SolutionConfigurationPlatforms) = preSolution
		Debug|Any CPU = Debug|Any CPU
		Release|Any CPU = Release|Any CPU
	EndGlobalSection
	GlobalSection(ProjectConfigurationPlatforms) = postSolution
		{88A7F6A7-4B46-4BB2-A02A-371F6CF6FCA6}.Debug|Any CPU.ActiveCfg = Debug|Any CPU
		{88A7F6A7-4B46-4BB2-A02A-371F6CF6FCA6}.Debug|Any CPU.Build.0 = Debug|Any CPU
		{88A7F6A7-4B46-4BB2-A02A-371F6CF6FCA6}.Debug|Any CPU.Deploy.0 = Debug|Any CPU
		{88A7F6A7-4B46-4BB2-A02A-371F6CF6FCA6}.Release|Any CPU.ActiveCfg = Release|Any CPU
		{88A7F6A7-4B46-4BB2-A02A-371F6CF6FCA6}.Release|Any CPU.Build.0 = Release|Any CPU
		{88A7F6A7-4B46-4BB2-A02A-371F6CF6FCA6}.Release|Any CPU.Deploy.0 = Release|Any CPU
	EndGlobalSection
	GlobalSection(SolutionProperties) = preSolution
		HideSolutionNode = FALSE
	EndGlobalSection
	GlobalSection(ExtensibilityGlobals) = postSolution
		SolutionGuid = {32563DED-06D6-4025-9A72-21BF4ACEF007}
	EndGlobalSection
EndGlobal
